
Microsoft Visual Studio Solution File, Format Version 12.00
# Visual Studio Version 17
VisualStudioVersion = 17.9.34714.143
MinimumVisualStudioVersion = 10.0.40219.1
Project("{9A19103F-16F7-4668-BE54-9A1E7A4F7556}") = "cricket-teams", "cricket-teams.csproj", "{658FC0CE-4593-4AC6-859F-FEB9C758698C}"
EndProject
Project("{FAE04EC0-301F-11D3-BF4B-00C04F79EFBC}") = "repository-pattern-crud.Tests", "..\repository-pattern-crud.Tests\repository-pattern-crud.Tests.csproj", "{AFE618A6-F54B-48B0-9F18-6C09EED4DB17}"
EndProject
Global
	GlobalSection(SolutionConfigurationPlatforms) = preSolution
		Debug|Any CPU = Debug|Any CPU
		Release|Any CPU = Release|Any CPU
	EndGlobalSection
	GlobalSection(ProjectConfigurationPlatforms) = postSolution
		{658FC0CE-4593-4AC6-859F-FEB9C758698C}.Debug|Any CPU.ActiveCfg = Debug|Any CPU
		{658FC0CE-4593-4AC6-859F-FEB9C758698C}.Debug|Any CPU.Build.0 = Debug|Any CPU
		{658FC0CE-4593-4AC6-859F-FEB9C758698C}.Release|Any CPU.ActiveCfg = Release|Any CPU
		{658FC0CE-4593-4AC6-859F-FEB9C758698C}.Release|Any CPU.Build.0 = Release|Any CPU
		{AFE618A6-F54B-48B0-9F18-6C09EED4DB17}.Debug|Any CPU.ActiveCfg = Debug|Any CPU
		{AFE618A6-F54B-48B0-9F18-6C09EED4DB17}.Debug|Any CPU.Build.0 = Debug|Any CPU
		{AFE618A6-F54B-48B0-9F18-6C09EED4DB17}.Release|Any CPU.ActiveCfg = Release|Any CPU
		{AFE618A6-F54B-48B0-9F18-6C09EED4DB17}.Release|Any CPU.Build.0 = Release|Any CPU
	EndGlobalSection
	GlobalSection(SolutionProperties) = preSolution
		HideSolutionNode = FALSE
	EndGlobalSection
	GlobalSection(ExtensibilityGlobals) = postSolution
		SolutionGuid = {ACFB7D08-A5D1-4874-BD4F-2D3808972B33}
	EndGlobalSection
EndGlobal
